[[package]]
name = "snakemd"
version = "0.12.1"
description = "A markdown generation library for Python."
category = "main"
optional = false
python-versions = ">=3.8"

[metadata]
lock-version = "1.1"
python-versions = "^3.10"
content-hash = "18032bc53003792c7323e80f225d2f0af5d2f7f4021c5acb40eb5e362c5c18eb"

[metadata.files]
snakemd = [
    {file = "SnakeMD-0.12.1-py3-none-any.whl", hash = "sha256:4f211cb1749ba972a7d40be7cb430317de2ac7263ccc8014e634ee982924147b"},
    {file = "SnakeMD-0.12.1.tar.gz", hash = "sha256:52d76c997ec3ce9a27ca355932be88ec8002fbbebdc848a6aef9c0096b3ea9d4"},
]
